
Microsoft Visual Studio Solution File, Format Version 12.00
# Visual Studio Version 17
VisualStudioVersion = 17.8.34525.116
MinimumVisualStudioVersion = 10.0.40219.1
Project("{9A19103F-16F7-4668-BE54-9A1E7A4F7556}") = "EjeHttpServer", "EjeHttpServer\EjeHttpServer.csproj", "{655179AC-31D6-48FF-86FB-00694561E0B6}"
EndProject
Project("{FAE04EC0-301F-11D3-BF4B-00C04F79EFBC}") = "ServidorPostit", "ServidorPostit\ServidorPostit.csproj", "{26069D2F-4DBC-416F-B469-2D5D56B84E04}"
EndProject
Global
	GlobalSection(SolutionConfigurationPlatforms) = preSolution
		Debug|Any CPU = Debug|Any CPU
		Release|Any CPU = Release|Any CPU
	EndGlobalSection
	GlobalSection(ProjectConfigurationPlatforms) = postSolution
		{655179AC-31D6-48FF-86FB-00694561E0B6}.Debug|Any CPU.ActiveCfg = Debug|Any CPU
		{655179AC-31D6-48FF-86FB-00694561E0B6}.Debug|Any CPU.Build.0 = Debug|Any CPU
		{655179AC-31D6-48FF-86FB-00694561E0B6}.Release|Any CPU.ActiveCfg = Release|Any CPU
		{655179AC-31D6-48FF-86FB-00694561E0B6}.Release|Any CPU.Build.0 = Release|Any CPU
		{26069D2F-4DBC-416F-B469-2D5D56B84E04}.Debug|Any CPU.ActiveCfg = Debug|Any CPU
		{26069D2F-4DBC-416F-B469-2D5D56B84E04}.Debug|Any CPU.Build.0 = Debug|Any CPU
		{26069D2F-4DBC-416F-B469-2D5D56B84E04}.Release|Any CPU.ActiveCfg = Release|Any CPU
		{26069D2F-4DBC-416F-B469-2D5D56B84E04}.Release|Any CPU.Build.0 = Release|Any CPU
	EndGlobalSection
	GlobalSection(SolutionProperties) = preSolution
		HideSolutionNode = FALSE
	EndGlobalSection
	GlobalSection(ExtensibilityGlobals) = postSolution
		SolutionGuid = {00E6D670-2B23-40FF-871A-0E0F78926233}
	EndGlobalSection
EndGlobal
